
Microsoft Visual Studio Solution File, Format Version 12.00
# Visual Studio Version 17
VisualStudioVersion = 17.6.33829.357
MinimumVisualStudioVersion = 10.0.40219.1
Project("{FAE04EC0-301F-11D3-BF4B-00C04F79EFBC}") = "Leet_Translator", "Leet_Translator.csproj", "{F117380F-A0F9-477E-9DBC-50875A8B60E0}"
EndProject
Global
	GlobalSection(SolutionConfigurationPlatforms) = preSolution
		Debug|Any CPU = Debug|Any CPU
		Release|Any CPU = Release|Any CPU
	EndGlobalSection
	GlobalSection(ProjectConfigurationPlatforms) = postSolution
		{F117380F-A0F9-477E-9DBC-50875A8B60E0}.Debug|Any CPU.ActiveCfg = Debug|Any CPU
		{F117380F-A0F9-477E-9DBC-50875A8B60E0}.Debug|Any CPU.Build.0 = Debug|Any CPU
		{F117380F-A0F9-477E-9DBC-50875A8B60E0}.Release|Any CPU.ActiveCfg = Release|Any CPU
		{F117380F-A0F9-477E-9DBC-50875A8B60E0}.Release|Any CPU.Build.0 = Release|Any CPU
	EndGlobalSection
	GlobalSection(SolutionProperties) = preSolution
		HideSolutionNode = FALSE
	EndGlobalSection
	GlobalSection(ExtensibilityGlobals) = postSolution
		SolutionGuid = {1C2D098A-24BF-49E3-936F-EF101FD18C98}
	EndGlobalSection
EndGlobal
